# THIS IS AN AUTOGENERATED FILE. DO NOT EDIT THIS FILE DIRECTLY.
# yarn lockfile v1


"@icons/material@^0.2.4":
  version "0.2.4"
  resolved "https://registry.yarnpkg.com/@icons/material/-/material-0.2.4.tgz#e90c9f71768b3736e76d7dd6783fc6c2afa88bc8"
  integrity sha512-QPcGmICAPbGLGb6F/yNf/KzKqvFx8z5qx3D1yFqVAjoFmXK35EgyW+cJ57Te3CNsmzblwtzakLGFqHPqrfb4Tw==

asap@~2.0.3:
  version "2.0.6"
  resolved "https://registry.yarnpkg.com/asap/-/asap-2.0.6.tgz#e50347611d7e690943208bbdafebcbc2fb866d46"
  integrity sha1-5QNHYR1+aQlDIIu9r+vLwvuGbUY=

core-js@^2.4.1:
  version "2.6.11"
  resolved "https://registry.yarnpkg.com/core-js/-/core-js-2.6.11.tgz#38831469f9922bded8ee21c9dc46985e0399308c"
  integrity sha512-5wjnpaT/3dV+XB4borEsnAYQchn00XSgTAWKDkEqv+K8KevjbzmofK6hfJ9TZIlpj2N0xQpazy7PiRQiWHqzWg==

draft-js@^0.11.6:
  version "0.11.6"
  resolved "https://registry.yarnpkg.com/draft-js/-/draft-js-0.11.6.tgz#a2b54c211674d10ed65a2234c2ddd12f824cc709"
  integrity sha512-H8OaophZecxm0L/C0LvOo6IZrbMb+s0txPXF7DW3E2oUjSo5ufvWvWb3B/0K2wRqBnwJrRxApqljD899i0fZMA==
  dependencies:
    fbjs "^1.0.0"
    immutable "~3.7.4"
    object-assign "^4.1.1"

encoding@^0.1.11:
  version "0.1.13"
  resolved "https://registry.yarnpkg.com/encoding/-/encoding-0.1.13.tgz#56574afdd791f54a8e9b2785c0582a2d26210fa9"
  integrity sha512-ETBauow1T35Y/WZMkio9jiM0Z5xjHHmJ4XmjZOq1l/dXz3lr2sRn87nJy20RupqSh1F2m3HHPSp8ShIPQJrJ3A==
  dependencies:
    iconv-lite "^0.6.2"

fbjs-css-vars@^1.0.0:
  version "1.0.2"
  resolved "https://registry.yarnpkg.com/fbjs-css-vars/-/fbjs-css-vars-1.0.2.tgz#216551136ae02fe255932c3ec8775f18e2c078b8"
  integrity sha512-b2XGFAFdWZWg0phtAWLHCk836A1Xann+I+Dgd3Gk64MHKZO44FfoD1KxyvbSh0qZsIoXQGGlVztIY+oitJPpRQ==

fbjs@^1.0.0:
  version "1.0.0"
  resolved "https://registry.yarnpkg.com/fbjs/-/fbjs-1.0.0.tgz#52c215e0883a3c86af2a7a776ed51525ae8e0a5a"
  integrity sha512-MUgcMEJaFhCaF1QtWGnmq9ZDRAzECTCRAF7O6UZIlAlkTs1SasiX9aP0Iw7wfD2mJ7wDTNfg2w7u5fSCwJk1OA==
  dependencies:
    core-js "^2.4.1"
    fbjs-css-vars "^1.0.0"
    isomorphic-fetch "^2.1.1"
    loose-envify "^1.0.0"
    object-assign "^4.1.0"
    promise "^7.1.1"
    setimmediate "^1.0.5"
    ua-parser-js "^0.7.18"

iconv-lite@^0.6.2:
  version "0.6.2"
  resolved "https://registry.yarnpkg.com/iconv-lite/-/iconv-lite-0.6.2.tgz#ce13d1875b0c3a674bd6a04b7f76b01b1b6ded01"
  integrity sha512-2y91h5OpQlolefMPmUlivelittSWy0rP+oYVpn6A7GwVHNE8AWzoYOBNmlwks3LobaJxgHCYZAnyNo2GgpNRNQ==
  dependencies:
    safer-buffer ">= 2.1.2 < 3.0.0"

immutable@~3.7.4:
  version "3.7.6"
  resolved "https://registry.yarnpkg.com/immutable/-/immutable-3.7.6.tgz#13b4d3cb12befa15482a26fe1b2ebae640071e4b"
  integrity sha1-E7TTyxK++hVIKib+Gy665kAHHks=

is-stream@^1.0.1:
  version "1.1.0"
  resolved "https://registry.yarnpkg.com/is-stream/-/is-stream-1.1.0.tgz#12d4a3dd4e68e0b79ceb8dbc84173ae80d91ca44"
  integrity sha1-EtSj3U5o4Lec6428hBc66A2RykQ=

isomorphic-fetch@^2.1.1:
  version "2.2.1"
  resolved "https://registry.yarnpkg.com/isomorphic-fetch/-/isomorphic-fetch-2.2.1.tgz#611ae1acf14f5e81f729507472819fe9733558a9"
  integrity sha1-YRrhrPFPXoH3KVB0coGf6XM1WKk=
  dependencies:
    node-fetch "^1.0.1"
    whatwg-fetch ">=0.10.0"

"js-tokens@^3.0.0 || ^4.0.0":
  version "4.0.0"
  resolved "https://registry.yarnpkg.com/js-tokens/-/js-tokens-4.0.0.tgz#19203fb59991df98e3a287050d4647cdeaf32499"
  integrity sha512-RdJUflcE3cUzKiMqQgsCu06FPu9UdIJO0beYbPhHN4k6apgJtifcoCtT9bcxOpYBtpD2kCM6Sbzg4CausW/PKQ==

lodash@^4.0.1, lodash@^4.17.11:
  version "4.17.19"
  resolved "https://registry.yarnpkg.com/lodash/-/lodash-4.17.19.tgz#e48ddedbe30b3321783c5b4301fbd353bc1e4a4b"
  integrity sha512-JNvd8XER9GQX0v2qJgsaN/mzFCNA5BRe/j8JN9d+tWyGLSodKQHKFicdwNYzWwI3wjRnaKPsGj1XkBjx/F96DQ==

loose-envify@^1.0.0, loose-envify@^1.4.0:
  version "1.4.0"
  resolved "https://registry.yarnpkg.com/loose-envify/-/loose-envify-1.4.0.tgz#71ee51fa7be4caec1a63839f7e682d8132d30caf"
  integrity sha512-lyuxPGr/Wfhrlem2CL/UcnUc1zcqKAImBDzukY7Y5F/yQiNdko6+fRLevlw1HgMySw7f611UIY408EtxRSoK3Q==
  dependencies:
    js-tokens "^3.0.0 || ^4.0.0"

material-colors@^1.2.1:
  version "1.2.6"
  resolved "https://registry.yarnpkg.com/material-colors/-/material-colors-1.2.6.tgz#6d1958871126992ceecc72f4bcc4d8f010865f46"
  integrity sha512-6qE4B9deFBIa9YSpOc9O0Sgc43zTeVYbgDT5veRKSlB2+ZuHNoVVxA1L/ckMUayV9Ay9y7Z/SZCLcGteW9i7bg==

node-fetch@^1.0.1:
  version "1.7.3"
  resolved "https://registry.yarnpkg.com/node-fetch/-/node-fetch-1.7.3.tgz#980f6f72d85211a5347c6b2bc18c5b84c3eb47ef"
  integrity sha512-NhZ4CsKx7cYm2vSrBAr2PvFOe6sWDf0UYLRqA6svUYg7+/TSfVAu49jYC4BvQ4Sms9SZgdqGBgroqfDhJdTyKQ==
  dependencies:
    encoding "^0.1.11"
    is-stream "^1.0.1"

object-assign@^4.1.0, object-assign@^4.1.1:
  version "4.1.1"
  resolved "https://registry.yarnpkg.com/object-assign/-/object-assign-4.1.1.tgz#2109adc7965887cfc05cbbd442cac8bfbb360863"
  integrity sha1-IQmtx5ZYh8/AXLvUQsrIv7s2CGM=

promise@^7.1.1:
  version "7.3.1"
  resolved "https://registry.yarnpkg.com/promise/-/promise-7.3.1.tgz#064b72602b18f90f29192b8b1bc418ffd1ebd3bf"
  integrity sha512-nolQXZ/4L+bP/UGlkfaIujX9BKxGwmQ9OT4mOt5yvy8iK1h3wqTEJCijzGANTCCl9nWjY41juyAn2K3Q1hLLTg==
  dependencies:
    asap "~2.0.3"

prop-types@^15.5.10:
  version "15.7.2"
  resolved "https://registry.yarnpkg.com/prop-types/-/prop-types-15.7.2.tgz#52c41e75b8c87e72b9d9360e0206b99dcbffa6c5"
  integrity sha512-8QQikdH7//R2vurIJSutZ1smHYTcLpRWEOlHnzcWHmBYrOGUysKwSsrC89BCiFj3CbrfJ/nXFdJepOVrY1GCHQ==
  dependencies:
    loose-envify "^1.4.0"
    object-assign "^4.1.1"
    react-is "^16.8.1"

react-color@^2.18.1:
  version "2.18.1"
  resolved "https://registry.yarnpkg.com/react-color/-/react-color-2.18.1.tgz#2cda8cc8e06a9e2c52ad391a30ddad31972472f4"
  integrity sha512-X5XpyJS6ncplZs74ak0JJoqPi+33Nzpv5RYWWxn17bslih+X7OlgmfpmGC1fNvdkK7/SGWYf1JJdn7D2n5gSuQ==
  dependencies:
    "@icons/material" "^0.2.4"
    lodash "^4.17.11"
    material-colors "^1.2.1"
    prop-types "^15.5.10"
    reactcss "^1.2.0"
    tinycolor2 "^1.4.1"

react-is@^16.8.1:
  version "16.13.1"
  resolved "https://registry.yarnpkg.com/react-is/-/react-is-16.13.1.tgz#789729a4dc36de2999dc156dd6c1d9c18cea56a4"
  integrity sha512-24e6ynE2H+OKt4kqsOvNd8kBpV65zoxbA4BVsEOB3ARVWQki/DHzaUoC5KuON/BiccDaCCTZBuOcfZs70kR8bQ==

reactcss@^1.2.0:
  version "1.2.3"
  resolved "https://registry.yarnpkg.com/reactcss/-/reactcss-1.2.3.tgz#c00013875e557b1cf0dfd9a368a1c3dab3b548dd"
  integrity sha512-KiwVUcFu1RErkI97ywr8nvx8dNOpT03rbnma0SSalTYjkrPYaEajR4a/MRt6DZ46K6arDRbWMNHF+xH7G7n/8A==
  dependencies:
    lodash "^4.0.1"

"safer-buffer@>= 2.1.2 < 3.0.0":
  version "2.1.2"
  resolved "https://registry.yarnpkg.com/safer-buffer/-/safer-buffer-2.1.2.tgz#44fa161b0187b9549dd84bb91802f9bd8385cd6a"
  integrity sha512-YZo3K82SD7Riyi0E1EQPojLz7kpepnSQI9IyPbHHg1XXXevb5dJI7tpyN2ADxGcQbHG7vcyRHk0cbwqcQriUtg==

setimmediate@^1.0.5:
  version "1.0.5"
  resolved "https://registry.yarnpkg.com/setimmediate/-/setimmediate-1.0.5.tgz#290cbb232e306942d7d7ea9b83732ab7856f8285"
  integrity sha1-KQy7Iy4waULX1+qbg3Mqt4VvgoU=

tinycolor2@^1.4.1:
  version "1.4.1"
  resolved "https://registry.yarnpkg.com/tinycolor2/-/tinycolor2-1.4.1.tgz#f4fad333447bc0b07d4dc8e9209d8f39a8ac77e8"
  integrity sha1-9PrTM0R7wLB9TcjpIJ2POaisd+g=

ua-parser-js@^0.7.18:
  version "0.7.21"
  resolved "https://registry.yarnpkg.com/ua-parser-js/-/ua-parser-js-0.7.21.tgz#853cf9ce93f642f67174273cc34565ae6f308777"
  integrity sha512-+O8/qh/Qj8CgC6eYBVBykMrNtp5Gebn4dlGD/kKXVkJNDwyrAwSIqwz8CDf+tsAIWVycKcku6gIXJ0qwx/ZXaQ==

whatwg-fetch@>=0.10.0:
  version "3.4.0"
  resolved "https://registry.yarnpkg.com/whatwg-fetch/-/whatwg-fetch-3.4.0.tgz#e11de14f4878f773fbebcde8871b2c0699af8b30"
  integrity sha512-rsum2ulz2iuZH08mJkT0Yi6JnKhwdw4oeyMjokgxd+mmqYSd9cPpOQf01TIWgjxG/U4+QR+AwKq6lSbXVxkyoQ==
